
Microsoft Visual Studio Solution File, Format Version 12.00
# Visual Studio Version 17
VisualStudioVersion = 17.11.35222.181
MinimumVisualStudioVersion = 10.0.40219.1
Project("{FAE04EC0-301F-11D3-BF4B-00C04F79EFBC}") = "OnlineShopOA1135API", "OnlineShopOA1135API\OnlineShopOA1135API.csproj", "{A0B98CE2-C7E1-4BF3-ADEA-E688A45803B5}"
EndProject
Global
	GlobalSection(SolutionConfigurationPlatforms) = preSolution
		Debug|Any CPU = Debug|Any CPU
		Release|Any CPU = Release|Any CPU
	EndGlobalSection
	GlobalSection(ProjectConfigurationPlatforms) = postSolution
		{A0B98CE2-C7E1-4BF3-ADEA-E688A45803B5}.Debug|Any CPU.ActiveCfg = Debug|Any CPU
		{A0B98CE2-C7E1-4BF3-ADEA-E688A45803B5}.Debug|Any CPU.Build.0 = Debug|Any CPU
		{A0B98CE2-C7E1-4BF3-ADEA-E688A45803B5}.Release|Any CPU.ActiveCfg = Release|Any CPU
		{A0B98CE2-C7E1-4BF3-ADEA-E688A45803B5}.Release|Any CPU.Build.0 = Release|Any CPU
	EndGlobalSection
	GlobalSection(SolutionProperties) = preSolution
		HideSolutionNode = FALSE
	EndGlobalSection
	GlobalSection(ExtensibilityGlobals) = postSolution
		SolutionGuid = {102D0B68-A6D1-4D5F-9110-414EFD73AC22}
	EndGlobalSection
EndGlobal
